
Microsoft Visual Studio Solution File, Format Version 12.00
# Visual Studio Version 17
VisualStudioVersion = 17.10.35122.118
MinimumVisualStudioVersion = 10.0.40219.1
Project("{2150E333-8FDC-42A3-9474-1A3956D46DE8}") = "Frontend", "Frontend", "{7EE7C0A7-9D19-4482-A811-C72A6209540B}"
EndProject
Project("{2150E333-8FDC-42A3-9474-1A3956D46DE8}") = "Services", "Services", "{E2D9F92A-7307-4061-8C7F-09AA37FD0A40}"
EndProject
Project("{FAE04EC0-301F-11D3-BF4B-00C04F79EFBC}") = "IMS.Services.ProductAPI", "IMS.Services.ProductAPI\IMS.Services.ProductAPI.csproj", "{75B0B1F1-940D-498A-BECB-003277E3BD6E}"
EndProject
Project("{FAE04EC0-301F-11D3-BF4B-00C04F79EFBC}") = "IMS.Services.OrderAPI", "IMS.Services.OrderAPI\IMS.Services.OrderAPI.csproj", "{FF5995E2-EF66-4A56-989D-6F1F39934C7B}"
EndProject
Project("{FAE04EC0-301F-11D3-BF4B-00C04F79EFBC}") = "IMS.Services.AuthAPI", "IMS.Services.AuthAPI\IMS.Services.AuthAPI.csproj", "{899A82CC-A52A-4DFF-BB9B-52CC410621C7}"
EndProject
Project("{FAE04EC0-301F-11D3-BF4B-00C04F79EFBC}") = "IMS.Services.ShoppingCartAPI", "IMS.Services.ShoppingCartAPI\IMS.Services.ShoppingCartAPI.csproj", "{5344FC3B-3910-4CFA-A8EC-79A3A85397E3}"
EndProject
Project("{FAE04EC0-301F-11D3-BF4B-00C04F79EFBC}") = "IMS.Web", "IMS.Web\IMS.Web.csproj", "{77A53806-CC3F-4F7D-82E8-0CAF13375BAD}"
EndProject
Global
	GlobalSection(SolutionConfigurationPlatforms) = preSolution
		Debug|Any CPU = Debug|Any CPU
		Release|Any CPU = Release|Any CPU
	EndGlobalSection
	GlobalSection(ProjectConfigurationPlatforms) = postSolution
		{75B0B1F1-940D-498A-BECB-003277E3BD6E}.Debug|Any CPU.ActiveCfg = Debug|Any CPU
		{75B0B1F1-940D-498A-BECB-003277E3BD6E}.Debug|Any CPU.Build.0 = Debug|Any CPU
		{75B0B1F1-940D-498A-BECB-003277E3BD6E}.Release|Any CPU.ActiveCfg = Release|Any CPU
		{75B0B1F1-940D-498A-BECB-003277E3BD6E}.Release|Any CPU.Build.0 = Release|Any CPU
		{FF5995E2-EF66-4A56-989D-6F1F39934C7B}.Debug|Any CPU.ActiveCfg = Debug|Any CPU
		{FF5995E2-EF66-4A56-989D-6F1F39934C7B}.Debug|Any CPU.Build.0 = Debug|Any CPU
		{FF5995E2-EF66-4A56-989D-6F1F39934C7B}.Release|Any CPU.ActiveCfg = Release|Any CPU
		{FF5995E2-EF66-4A56-989D-6F1F39934C7B}.Release|Any CPU.Build.0 = Release|Any CPU
		{899A82CC-A52A-4DFF-BB9B-52CC410621C7}.Debug|Any CPU.ActiveCfg = Debug|Any CPU
		{899A82CC-A52A-4DFF-BB9B-52CC410621C7}.Debug|Any CPU.Build.0 = Debug|Any CPU
		{899A82CC-A52A-4DFF-BB9B-52CC410621C7}.Release|Any CPU.ActiveCfg = Release|Any CPU
		{899A82CC-A52A-4DFF-BB9B-52CC410621C7}.Release|Any CPU.Build.0 = Release|Any CPU
		{5344FC3B-3910-4CFA-A8EC-79A3A85397E3}.Debug|Any CPU.ActiveCfg = Debug|Any CPU
		{5344FC3B-3910-4CFA-A8EC-79A3A85397E3}.Debug|Any CPU.Build.0 = Debug|Any CPU
		{5344FC3B-3910-4CFA-A8EC-79A3A85397E3}.Release|Any CPU.ActiveCfg = Release|Any CPU
		{5344FC3B-3910-4CFA-A8EC-79A3A85397E3}.Release|Any CPU.Build.0 = Release|Any CPU
		{77A53806-CC3F-4F7D-82E8-0CAF13375BAD}.Debug|Any CPU.ActiveCfg = Debug|Any CPU
		{77A53806-CC3F-4F7D-82E8-0CAF13375BAD}.Debug|Any CPU.Build.0 = Debug|Any CPU
		{77A53806-CC3F-4F7D-82E8-0CAF13375BAD}.Release|Any CPU.ActiveCfg = Release|Any CPU
		{77A53806-CC3F-4F7D-82E8-0CAF13375BAD}.Release|Any CPU.Build.0 = Release|Any CPU
	EndGlobalSection
	GlobalSection(SolutionProperties) = preSolution
		HideSolutionNode = FALSE
	EndGlobalSection
	GlobalSection(NestedProjects) = preSolution
		{75B0B1F1-940D-498A-BECB-003277E3BD6E} = {E2D9F92A-7307-4061-8C7F-09AA37FD0A40}
		{FF5995E2-EF66-4A56-989D-6F1F39934C7B} = {E2D9F92A-7307-4061-8C7F-09AA37FD0A40}
		{899A82CC-A52A-4DFF-BB9B-52CC410621C7} = {E2D9F92A-7307-4061-8C7F-09AA37FD0A40}
		{5344FC3B-3910-4CFA-A8EC-79A3A85397E3} = {E2D9F92A-7307-4061-8C7F-09AA37FD0A40}
		{77A53806-CC3F-4F7D-82E8-0CAF13375BAD} = {7EE7C0A7-9D19-4482-A811-C72A6209540B}
	EndGlobalSection
	GlobalSection(ExtensibilityGlobals) = postSolution
		SolutionGuid = {2A47BA53-4B98-4392-BAA2-F5CCAD64598A}
	EndGlobalSection
EndGlobal
